
Microsoft Visual Studio Solution File, Format Version 12.00
# Visual Studio 15
VisualStudioVersion = 15.0.27703.2018
MinimumVisualStudioVersion = 10.0.40219.1
Project("{8BC9CEB8-8B4A-11D0-8D11-00A0C91BC942}") = "贪心算法实现哈夫曼编码", "贪心算法实现哈夫曼编码\贪心算法实现哈夫曼编码.vcxproj", "{68997009-A9B1-444F-9EA6-EBAA445BC4F5}"
EndProject
Global
	GlobalSection(SolutionConfigurationPlatforms) = preSolution
		Debug|x64 = Debug|x64
		Debug|x86 = Debug|x86
		Release|x64 = Release|x64
		Release|x86 = Release|x86
	EndGlobalSection
	GlobalSection(ProjectConfigurationPlatforms) = postSolution
		{68997009-A9B1-444F-9EA6-EBAA445BC4F5}.Debug|x64.ActiveCfg = Debug|x64
		{68997009-A9B1-444F-9EA6-EBAA445BC4F5}.Debug|x64.Build.0 = Debug|x64
		{68997009-A9B1-444F-9EA6-EBAA445BC4F5}.Debug|x86.ActiveCfg = Debug|Win32
		{68997009-A9B1-444F-9EA6-EBAA445BC4F5}.Debug|x86.Build.0 = Debug|Win32
		{68997009-A9B1-444F-9EA6-EBAA445BC4F5}.Release|x64.ActiveCfg = Release|x64
		{68997009-A9B1-444F-9EA6-EBAA445BC4F5}.Release|x64.Build.0 = Release|x64
		{68997009-A9B1-444F-9EA6-EBAA445BC4F5}.Release|x86.ActiveCfg = Release|Win32
		{68997009-A9B1-444F-9EA6-EBAA445BC4F5}.Release|x86.Build.0 = Release|Win32
	EndGlobalSection
	GlobalSection(SolutionProperties) = preSolution
		HideSolutionNode = FALSE
	EndGlobalSection
	GlobalSection(ExtensibilityGlobals) = postSolution
		SolutionGuid = {68790F2B-1DDC-4C60-A467-8907999D6DA0}
	EndGlobalSection
EndGlobal
